// !$*UTF8*$!
{
	archiveVersion = 1;
	classes = {
	};
	objectVersion = 50;
	objects = {

/* Begin PBXBuildFile section */
		BB817009222800B800D530D0 /* AppDelegate.swift in Sources */ = {isa = PBXBuildFile; fileRef = BB817008222800B800D530D0 /* AppDelegate.swift */; };
		BB81700B222800B800D530D0 /* ViewController.swift in Sources */ = {isa = PBXBuildFile; fileRef = BB81700A222800B800D530D0 /* ViewController.swift */; };
		BB81700E222800B800D530D0 /* Main.storyboard in Resources */ = {isa = PBXBuildFile; fileRef = BB81700C222800B800D530D0 /* Main.storyboard */; };
		BB817010222800BA00D530D0 /* Assets.xcassets in Resources */ = {isa = PBXBuildFile; fileRef = BB81700F222800BA00D530D0 /* Assets.xcassets */; };
		BB817013222800BA00D530D0 /* LaunchScreen.storyboard in Resources */ = {isa = PBXBuildFile; fileRef = BB817011222800BA00D530D0 /* LaunchScreen.storyboard */; };
		BB81701D2228012400D530D0 /* YLDatePickerView.swift in Sources */ = {isa = PBXBuildFile; fileRef = BB81701B2228012400D530D0 /* YLDatePickerView.swift */; };
		BB81701E2228012400D530D0 /* YLConstants.swift in Sources */ = {isa = PBXBuildFile; fileRef = BB81701C2228012400D530D0 /* YLConstants.swift */; };
		BB8170272228012B00D530D0 /* UIColor+YLExtension.swift in Sources */ = {isa = PBXBuildFile; fileRef = BB8170202228012B00D530D0 /* UIColor+YLExtension.swift */; };
		BB8170282228012B00D530D0 /* UIImageView+YLBrightness.swift in Sources */ = {isa = PBXBuildFile; fileRef = BB8170212228012B00D530D0 /* UIImageView+YLBrightness.swift */; };
		BB8170292228012B00D530D0 /* Collection+YLExtension.swift in Sources */ = {isa = PBXBuildFile; fileRef = BB8170222228012B00D530D0 /* Collection+YLExtension.swift */; };
		BB81702A2228012B00D530D0 /* Math+YLTransform.swift in Sources */ = {isa = PBXBuildFile; fileRef = BB8170232228012B00D530D0 /* Math+YLTransform.swift */; };
		BB81702B2228012B00D530D0 /* String+YLExtension.swift in Sources */ = {isa = PBXBuildFile; fileRef = BB8170242228012B00D530D0 /* String+YLExtension.swift */; };
		BB81702C2228012B00D530D0 /* UIView+YLBorder.swift in Sources */ = {isa = PBXBuildFile; fileRef = BB8170252228012B00D530D0 /* UIView+YLBorder.swift */; };
		BB81702D2228012B00D530D0 /* Date+YLExtension.swift in Sources */ = {isa = PBXBuildFile; fileRef = BB8170262228012B00D530D0 /* Date+YLExtension.swift */; };
/* End PBXBuildFile section */

/* Begin PBXFileReference section */
		BB817005222800B800D530D0 /* YLKitSwift.app */ = {isa = PBXFileReference; explicitFileType = wrapper.application; includeInIndex = 0; path = YLKitSwift.app; sourceTree = BUILT_PRODUCTS_DIR; };
		BB817008222800B800D530D0 /* AppDelegate.swift */ = {isa = PBXFileReference; lastKnownFileType = sourcecode.swift; path = AppDelegate.swift; sourceTree = "<group>"; };
		BB81700A222800B800D530D0 /* ViewController.swift */ = {isa = PBXFileReference; lastKnownFileType = sourcecode.swift; path = ViewController.swift; sourceTree = "<group>"; };
		BB81700D222800B800D530D0 /* Base */ = {isa = PBXFileReference; lastKnownFileType = file.storyboard; name = Base; path = Base.lproj/Main.storyboard; sourceTree = "<group>"; };
		BB81700F222800BA00D530D0 /* Assets.xcassets */ = {isa = PBXFileReference; lastKnownFileType = folder.assetcatalog; path = Assets.xcassets; sourceTree = "<group>"; };
		BB817012222800BA00D530D0 /* Base */ = {isa = PBXFileReference; lastKnownFileType = file.storyboard; name = Base; path = Base.lproj/LaunchScreen.storyboard; sourceTree = "<group>"; };
		BB817014222800BA00D530D0 /* Info.plist */ = {isa = PBXFileReference; lastKnownFileType = text.plist.xml; path = Info.plist; sourceTree = "<group>"; };
		BB81701B2228012400D530D0 /* YLDatePickerView.swift */ = {isa = PBXFileReference; fileEncoding = 4; lastKnownFileType = sourcecode.swift; path = YLDatePickerView.swift; sourceTree = "<group>"; };
		BB81701C2228012400D530D0 /* YLConstants.swift */ = {isa = PBXFileReference; fileEncoding = 4; lastKnownFileType = sourcecode.swift; path = YLConstants.swift; sourceTree = "<group>"; };
		BB8170202228012B00D530D0 /* UIColor+YLExtension.swift */ = {isa = PBXFileReference; fileEncoding = 4; lastKnownFileType = sourcecode.swift; path = "UIColor+YLExtension.swift"; sourceTree = "<group>"; };
		BB8170212228012B00D530D0 /* UIImageView+YLBrightness.swift */ = {isa = PBXFileReference; fileEncoding = 4; lastKnownFileType = sourcecode.swift; path = "UIImageView+YLBrightness.swift"; sourceTree = "<group>"; };
		BB8170222228012B00D530D0 /* Collection+YLExtension.swift */ = {isa = PBXFileReference; fileEncoding = 4; lastKnownFileType = sourcecode.swift; path = "Collection+YLExtension.swift"; sourceTree = "<group>"; };
		BB8170232228012B00D530D0 /* Math+YLTransform.swift */ = {isa = PBXFileReference; fileEncoding = 4; lastKnownFileType = sourcecode.swift; path = "Math+YLTransform.swift"; sourceTree = "<group>"; };
		BB8170242228012B00D530D0 /* String+YLExtension.swift */ = {isa = PBXFileReference; fileEncoding = 4; lastKnownFileType = sourcecode.swift; path = "String+YLExtension.swift"; sourceTree = "<group>"; };
		BB8170252228012B00D530D0 /* UIView+YLBorder.swift */ = {isa = PBXFileReference; fileEncoding = 4; lastKnownFileType = sourcecode.swift; path = "UIView+YLBorder.swift"; sourceTree = "<group>"; };
		BB8170262228012B00D530D0 /* Date+YLExtension.swift */ = {isa = PBXFileReference; fileEncoding = 4; lastKnownFileType = sourcecode.swift; path = "Date+YLExtension.swift"; sourceTree = "<group>"; };
/* End PBXFileReference section */

/* Begin PBXFrameworksBuildPhase section */
		BB817002222800B800D530D0 /* Frameworks */ = {
			isa = PBXFrameworksBuildPhase;
			buildActionMask = 2147483647;
			files = (
			);
			runOnlyForDeploymentPostprocessing = 0;
		};
/* End PBXFrameworksBuildPhase section */

/* Begin PBXGroup section */
		BB816FFC222800B800D530D0 = {
			isa = PBXGroup;
			children = (
				BB817007222800B800D530D0 /* YLKitSwift */,
				BB81701A222800FA00D530D0 /* Support */,
				BB817006222800B800D530D0 /* Products */,
			);
			sourceTree = "<group>";
		};
		BB817006222800B800D530D0 /* Products */ = {
			isa = PBXGroup;
			children = (
				BB817005222800B800D530D0 /* YLKitSwift.app */,
			);
			name = Products;
			sourceTree = "<group>";
		};
		BB817007222800B800D530D0 /* YLKitSwift */ = {
			isa = PBXGroup;
			children = (
				BB81702E222801E100D530D0 /* Tools */,
				BB81701F2228012B00D530D0 /* Category */,
				BB81702F2228021700D530D0 /* Other */,
			);
			path = YLKitSwift;
			sourceTree = "<group>";
		};
		BB81701A222800FA00D530D0 /* Support */ = {
			isa = PBXGroup;
			children = (
				BB817014222800BA00D530D0 /* Info.plist */,
				BB817008222800B800D530D0 /* AppDelegate.swift */,
				BB81700A222800B800D530D0 /* ViewController.swift */,
				BB81700C222800B800D530D0 /* Main.storyboard */,
				BB81700F222800BA00D530D0 /* Assets.xcassets */,
				BB817011222800BA00D530D0 /* LaunchScreen.storyboard */,
			);
			path = Support;
			sourceTree = "<group>";
		};
		BB81701F2228012B00D530D0 /* Category */ = {
			isa = PBXGroup;
			children = (
				BB8170232228012B00D530D0 /* Math+YLTransform.swift */,
				BB8170242228012B00D530D0 /* String+YLExtension.swift */,
				BB8170202228012B00D530D0 /* UIColor+YLExtension.swift */,
				BB8170222228012B00D530D0 /* Collection+YLExtension.swift */,
				BB8170212228012B00D530D0 /* UIImageView+YLBrightness.swift */,
				BB8170252228012B00D530D0 /* UIView+YLBorder.swift */,
				BB8170262228012B00D530D0 /* Date+YLExtension.swift */,
			);
			path = Category;
			sourceTree = "<group>";
		};
		BB81702E222801E100D530D0 /* Tools */ = {
			isa = PBXGroup;
			children = (
				BB81701B2228012400D530D0 /* YLDatePickerView.swift */,
			);
			path = Tools;
			sourceTree = "<group>";
		};
		BB81702F2228021700D530D0 /* Other */ = {
			isa = PBXGroup;
			children = (
				BB81701C2228012400D530D0 /* YLConstants.swift */,
			);
			path = Other;
			sourceTree = "<group>";
		};
/* End PBXGroup section */

/* Begin PBXNativeTarget section */
		BB817004222800B800D530D0 /* YLKitSwift */ = {
			isa = PBXNativeTarget;
			buildConfigurationList = BB817017222800BA00D530D0 /* Build configuration list for PBXNativeTarget "YLKitSwift" */;
			buildPhases = (
				BB817001222800B800D530D0 /* Sources */,
				BB817002222800B800D530D0 /* Frameworks */,
				BB817003222800B800D530D0 /* Resources */,
			);
			buildRules = (
			);
			dependencies = (
			);
			name = YLKitSwift;
			productName = YLKitSwift;
			productReference = BB817005222800B800D530D0 /* YLKitSwift.app */;
			productType = "com.apple.product-type.application";
		};
/* End PBXNativeTarget section */

/* Begin PBXProject section */
		BB816FFD222800B800D530D0 /* Project object */ = {
			isa = PBXProject;
			attributes = {
				LastSwiftUpdateCheck = 1010;
				LastUpgradeCheck = 1010;
				ORGANIZATIONNAME = Yeonluu;
				TargetAttributes = {
					BB817004222800B800D530D0 = {
						CreatedOnToolsVersion = 10.1;
					};
				};
			};
			buildConfigurationList = BB817000222800B800D530D0 /* Build configuration list for PBXProject "YLKitSwift" */;
			compatibilityVersion = "Xcode 9.3";
			developmentRegion = en;
			hasScannedForEncodings = 0;
			knownRegions = (
				en,
				Base,
			);
			mainGroup = BB816FFC222800B800D530D0;
			productRefGroup = BB817006222800B800D530D0 /* Products */;
			projectDirPath = "";
			projectRoot = "";
			targets = (
				BB817004222800B800D530D0 /* YLKitSwift */,
			);
		};
/* End PBXProject section */

/* Begin PBXResourcesBuildPhase section */
		BB817003222800B800D530D0 /* Resources */ = {
			isa = PBXResourcesBuildPhase;
			buildActionMask = 2147483647;
			files = (
				BB817013222800BA00D530D0 /* LaunchScreen.storyboard in Resources */,
				BB817010222800BA00D530D0 /* Assets.xcassets in Resources */,
				BB81700E222800B800D530D0 /* Main.storyboard in Resources */,
			);
			runOnlyForDeploymentPostprocessing = 0;
		};
/* End PBXResourcesBuildPhase section */

/* Begin PBXSourcesBuildPhase section */
		BB817001222800B800D530D0 /* Sources */ = {
			isa = PBXSourcesBuildPhase;
			buildActionMask = 2147483647;
			files = (
				BB81702A2228012B00D530D0 /* Math+YLTransform.swift in Sources */,
				BB81702B2228012B00D530D0 /* String+YLExtension.swift in Sources */,
				BB81701E2228012400D530D0 /* YLConstants.swift in Sources */,
				BB8170292228012B00D530D0 /* Collection+YLExtension.swift in Sources */,
				BB81701D2228012400D530D0 /* YLDatePickerView.swift in Sources */,
				BB81700B222800B800D530D0 /* ViewController.swift in Sources */,
				BB8170282228012B00D530D0 /* UIImageView+YLBrightness.swift in Sources */,
				BB81702D2228012B00D530D0 /* Date+YLExtension.swift in Sources */,
				BB817009222800B800D530D0 /* AppDelegate.swift in Sources */,
				BB81702C2228012B00D530D0 /* UIView+YLBorder.swift in Sources */,
				BB8170272228012B00D530D0 /* UIColor+YLExtension.swift in Sources */,
			);
			runOnlyForDeploymentPostprocessing = 0;
		};
/* End PBXSourcesBuildPhase section */

/* Begin PBXVariantGroup section */
		BB81700C222800B800D530D0 /* Main.storyboard */ = {
			isa = PBXVariantGroup;
			children = (
				BB81700D222800B800D530D0 /* Base */,
			);
			name = Main.storyboard;
			sourceTree = "<group>";
		};
		BB817011222800BA00D530D0 /* LaunchScreen.storyboard */ = {
			isa = PBXVariantGroup;
			children = (
				BB817012222800BA00D530D0 /* Base */,
			);
			name = LaunchScreen.storyboard;
			sourceTree = "<group>";
		};
/* End PBXVariantGroup section */

/* Begin XCBuildConfiguration section */
		BB817015222800BA00D530D0 /* Debug */ = {
			isa = XCBuildConfiguration;
			buildSettings = {
				ALWAYS_SEARCH_USER_PATHS = NO;
				CLANG_ANALYZER_NONNULL = YES;
				CLANG_ANALYZER_NUMBER_OBJECT_CONVERSION = YES_AGGRESSIVE;
				CLANG_CXX_LANGUAGE_STANDARD = "gnu++14";
				CLANG_CXX_LIBRARY = "libc++";
				CLANG_ENABLE_MODULES = YES;
				CLANG_ENABLE_OBJC_ARC = YES;
				CLANG_ENABLE_OBJC_WEAK = YES;
				CLANG_WARN_BLOCK_CAPTURE_AUTORELEASING = YES;
				CLANG_WARN_BOOL_CONVERSION = YES;
				CLANG_WARN_COMMA = YES;
				CLANG_WARN_CONSTANT_CONVERSION = YES;
				CLANG_WARN_DEPRECATED_OBJC_IMPLEMENTATIONS = YES;
				CLANG_WARN_DIRECT_OBJC_ISA_USAGE = YES_ERROR;
				CLANG_WARN_DOCUMENTATION_COMMENTS = YES;
				CLANG_WARN_EMPTY_BODY = YES;
				CLANG_WARN_ENUM_CONVERSION = YES;
				CLANG_WARN_INFINITE_RECURSION = YES;
				CLANG_WARN_INT_CONVERSION = YES;
				CLANG_WARN_NON_LITERAL_NULL_CONVERSION = YES;
				CLANG_WARN_OBJC_IMPLICIT_RETAIN_SELF = YES;
				CLANG_WARN_OBJC_LITERAL_CONVERSION = YES;
				CLANG_WARN_OBJC_ROOT_CLASS = YES_ERROR;
				CLANG_WARN_RANGE_LOOP_ANALYSIS = YES;
				CLANG_WARN_STRICT_PROTOTYPES = YES;
				CLANG_WARN_SUSPICIOUS_MOVE = YES;
				CLANG_WARN_UNGUARDED_AVAILABILITY = YES_AGGRESSIVE;
				CLANG_WARN_UNREACHABLE_CODE = YES;
				CLANG_WARN__DUPLICATE_METHOD_MATCH = YES;
				CODE_SIGN_IDENTITY = "iPhone Developer";
				COPY_PHASE_STRIP = NO;
				DEBUG_INFORMATION_FORMAT = dwarf;
				ENABLE_STRICT_OBJC_MSGSEND = YES;
				ENABLE_TESTABILITY = YES;
				GCC_C_LANGUAGE_STANDARD = gnu11;
				GCC_DYNAMIC_NO_PIC = NO;
				GCC_NO_COMMON_BLOCKS = YES;
				GCC_OPTIMIZATION_LEVEL = 0;
				GCC_PREPROCESSOR_DEFINITIONS = (
					"DEBUG=1",
					"$(inherited)",
				);
				GCC_WARN_64_TO_32_BIT_CONVERSION = YES;
				GCC_WARN_ABOUT_RETURN_TYPE = YES_ERROR;
				GCC_WARN_UNDECLARED_SELECTOR = YES;
				GCC_WARN_UNINITIALIZED_AUTOS = YES_AGGRESSIVE;
				GCC_WARN_UNUSED_FUNCTION = YES;
				GCC_WARN_UNUSED_VARIABLE = YES;
				IPHONEOS_DEPLOYMENT_TARGET = 12.1;
				MTL_ENABLE_DEBUG_INFO = INCLUDE_SOURCE;
				MTL_FAST_MATH = YES;
				ONLY_ACTIVE_ARCH = YES;
				SDKROOT = iphoneos;
				SWIFT_ACTIVE_COMPILATION_CONDITIONS = DEBUG;
				SWIFT_OPTIMIZATION_LEVEL = "-Onone";
			};
			name = Debug;
		};
		BB817016222800BA00D530D0 /* Release */ = {
			isa = XCBuildConfiguration;
			buildSettings = {
				ALWAYS_SEARCH_USER_PATHS = NO;
				CLANG_ANALYZER_NONNULL = YES;
				CLANG_ANALYZER_NUMBER_OBJECT_CONVERSION = YES_AGGRESSIVE;
				CLANG_CXX_LANGUAGE_STANDARD = "gnu++14";
				CLANG_CXX_LIBRARY = "libc++";
				CLANG_ENABLE_MODULES = YES;
				CLANG_ENABLE_OBJC_ARC = YES;
				CLANG_ENABLE_OBJC_WEAK = YES;
				CLANG_WARN_BLOCK_CAPTURE_AUTORELEASING = YES;
				CLANG_WARN_BOOL_CONVERSION = YES;
				CLANG_WARN_COMMA = YES;
				CLANG_WARN_CONSTANT_CONVERSION = YES;
				CLANG_WARN_DEPRECATED_OBJC_IMPLEMENTATIONS = YES;
				CLANG_WARN_DIRECT_OBJC_ISA_USAGE = YES_ERROR;
				CLANG_WARN_DOCUMENTATION_COMMENTS = YES;
				CLANG_WARN_EMPTY_BODY = YES;
				CLANG_WARN_ENUM_CONVERSION = YES;
				CLANG_WARN_INFINITE_RECURSION = YES;
				CLANG_WARN_INT_CONVERSION = YES;
				CLANG_WARN_NON_LITERAL_NULL_CONVERSION = YES;
				CLANG_WARN_OBJC_IMPLICIT_RETAIN_SELF = YES;
				CLANG_WARN_OBJC_LITERAL_CONVERSION = YES;
				CLANG_WARN_OBJC_ROOT_CLASS = YES_ERROR;
				CLANG_WARN_RANGE_LOOP_ANALYSIS = YES;
				CLANG_WARN_STRICT_PROTOTYPES = YES;
				CLANG_WARN_SUSPICIOUS_MOVE = YES;
				CLANG_WARN_UNGUARDED_AVAILABILITY = YES_AGGRESSIVE;
				CLANG_WARN_UNREACHABLE_CODE = YES;
				CLANG_WARN__DUPLICATE_METHOD_MATCH = YES;
				CODE_SIGN_IDENTITY = "iPhone Developer";
				COPY_PHASE_STRIP = NO;
				DEBUG_INFORMATION_FORMAT = "dwarf-with-dsym";
				ENABLE_NS_ASSERTIONS = NO;
				ENABLE_STRICT_OBJC_MSGSEND = YES;
				GCC_C_LANGUAGE_STANDARD = gnu11;
				GCC_NO_COMMON_BLOCKS = YES;
				GCC_WARN_64_TO_32_BIT_CONVERSION = YES;
				GCC_WARN_ABOUT_RETURN_TYPE = YES_ERROR;
				GCC_WARN_UNDECLARED_SELECTOR = YES;
				GCC_WARN_UNINITIALIZED_AUTOS = YES_AGGRESSIVE;
				GCC_WARN_UNUSED_FUNCTION = YES;
				GCC_WARN_UNUSED_VARIABLE = YES;
				IPHONEOS_DEPLOYMENT_TARGET = 12.1;
				MTL_ENABLE_DEBUG_INFO = NO;
				MTL_FAST_MATH = YES;
				SDKROOT = iphoneos;
				SWIFT_COMPILATION_MODE = wholemodule;
				SWIFT_OPTIMIZATION_LEVEL = "-O";
				VALIDATE_PRODUCT = YES;
			};
			name = Release;
		};
		BB817018222800BA00D530D0 /* Debug */ = {
			isa = XCBuildConfiguration;
			buildSettings = {
				ASSETCATALOG_COMPILER_APPICON_NAME = AppIcon;
				CODE_SIGN_STYLE = Automatic;
				DEVELOPMENT_TEAM = 7776EVMD5A;
				INFOPLIST_FILE = Support/Info.plist;
				LD_RUNPATH_SEARCH_PATHS = (
					"$(inherited)",
					"@executable_path/Frameworks",
				);
				PRODUCT_BUNDLE_IDENTIFIER = Yeonluu.YLKitSwift;
				PRODUCT_NAME = "$(TARGET_NAME)";
				SWIFT_VERSION = 4.2;
				TARGETED_DEVICE_FAMILY = "1,2";
			};
			name = Debug;
		};
		BB817019222800BA00D530D0 /* Release */ = {
			isa = XCBuildConfiguration;
			buildSettings = {
				ASSETCATALOG_COMPILER_APPICON_NAME = AppIcon;
				CODE_SIGN_STYLE = Automatic;
				DEVELOPMENT_TEAM = 7776EVMD5A;
				INFOPLIST_FILE = Support/Info.plist;
				LD_RUNPATH_SEARCH_PATHS = (
					"$(inherited)",
					"@executable_path/Frameworks",
				);
				PRODUCT_BUNDLE_IDENTIFIER = Yeonluu.YLKitSwift;
				PRODUCT_NAME = "$(TARGET_NAME)";
				SWIFT_VERSION = 4.2;
				TARGETED_DEVICE_FAMILY = "1,2";
			};
			name = Release;
		};
/* End XCBuildConfiguration section */

/* Begin XCConfigurationList section */
		BB817000222800B800D530D0 /* Build configuration list for PBXProject "YLKitSwift" */ = {
			isa = XCConfigurationList;
			buildConfigurations = (
				BB817015222800BA00D530D0 /* Debug */,
				BB817016222800BA00D530D0 /* Release */,
			);
			defaultConfigurationIsVisible = 0;
			defaultConfigurationName = Release;
		};
		BB817017222800BA00D530D0 /* Build configuration list for PBXNativeTarget "YLKitSwift" */ = {
			isa = XCConfigurationList;
			buildConfigurations = (
				BB817018222800BA00D530D0 /* Debug */,
				BB817019222800BA00D530D0 /* Release */,
			);
			defaultConfigurationIsVisible = 0;
			defaultConfigurationName = Release;
		};
/* End XCConfigurationList section */
	};
	rootObject = BB816FFD222800B800D530D0 /* Project object */;
}
