// !$*UTF8*$!
{
	archiveVersion = 1;
	classes = {
	};
	objectVersion = 46;
	objects = {

/* Begin PBXBuildFile section */
		BB75AECF1EB779FA003079ED /* NSArray+YLSafeObject.m in Sources */ = {isa = PBXBuildFile; fileRef = BB75AECE1EB779FA003079ED /* NSArray+YLSafeObject.m */; };
		BB75AEDD1EB77BC3003079ED /* YLExceptionHelper.m in Sources */ = {isa = PBXBuildFile; fileRef = BB75AED81EB77BC3003079ED /* YLExceptionHelper.m */; };
		BB75AEDE1EB77BC3003079ED /* YLAlertManager.m in Sources */ = {isa = PBXBuildFile; fileRef = BB75AEDA1EB77BC3003079ED /* YLAlertManager.m */; };
		BB75AEDF1EB77BC3003079ED /* YLImagePickerManager.m in Sources */ = {isa = PBXBuildFile; fileRef = BB75AEDC1EB77BC3003079ED /* YLImagePickerManager.m */; };
		BB75AF031EB77DA3003079ED /* YLAddressBookManager.m in Sources */ = {isa = PBXBuildFile; fileRef = BB75AF021EB77DA3003079ED /* YLAddressBookManager.m */; };
		BBB802281EB78479008EE56B /* YLHorizontalButton.m in Sources */ = {isa = PBXBuildFile; fileRef = BBB802151EB78479008EE56B /* YLHorizontalButton.m */; };
		BBB802291EB78479008EE56B /* YLVerticalButton.m in Sources */ = {isa = PBXBuildFile; fileRef = BBB802171EB78479008EE56B /* YLVerticalButton.m */; };
		BBB8022A1EB78479008EE56B /* YLFilletImageView.m in Sources */ = {isa = PBXBuildFile; fileRef = BBB8021A1EB78479008EE56B /* YLFilletImageView.m */; };
		BBB8022B1EB78479008EE56B /* YLPhotoBrowserController.m in Sources */ = {isa = PBXBuildFile; fileRef = BBB8021D1EB78479008EE56B /* YLPhotoBrowserController.m */; };
		BBB8022C1EB78479008EE56B /* YLPhotoView.m in Sources */ = {isa = PBXBuildFile; fileRef = BBB8021F1EB78479008EE56B /* YLPhotoView.m */; };
		BBB8022D1EB78479008EE56B /* YLTextField.m in Sources */ = {isa = PBXBuildFile; fileRef = BBB802221EB78479008EE56B /* YLTextField.m */; };
		BBB8022E1EB78479008EE56B /* YLTriangleView.m in Sources */ = {isa = PBXBuildFile; fileRef = BBB802241EB78479008EE56B /* YLTriangleView.m */; };
		BBB8022F1EB78479008EE56B /* YLScoreStarView.m in Sources */ = {isa = PBXBuildFile; fileRef = BBB802261EB78479008EE56B /* YLScoreStarView.m */; };
		BBD42FDD1E9A8BEF00F47199 /* AppDelegate.m in Sources */ = {isa = PBXBuildFile; fileRef = BBD42EE51E9A8BEF00F47199 /* AppDelegate.m */; };
		BBD42FDE1E9A8BEF00F47199 /* Assets.xcassets in Resources */ = {isa = PBXBuildFile; fileRef = BBD42EE61E9A8BEF00F47199 /* Assets.xcassets */; };
		BBD42FDF1E9A8BEF00F47199 /* LaunchScreen.storyboard in Resources */ = {isa = PBXBuildFile; fileRef = BBD42EE71E9A8BEF00F47199 /* LaunchScreen.storyboard */; };
		BBD42FE01E9A8BEF00F47199 /* Main.storyboard in Resources */ = {isa = PBXBuildFile; fileRef = BBD42EE91E9A8BEF00F47199 /* Main.storyboard */; };
		BBD42FE21E9A8BEF00F47199 /* main.m in Sources */ = {isa = PBXBuildFile; fileRef = BBD42EEC1E9A8BEF00F47199 /* main.m */; };
		BBD42FE31E9A8BEF00F47199 /* ViewController.m in Sources */ = {isa = PBXBuildFile; fileRef = BBD42EEE1E9A8BEF00F47199 /* ViewController.m */; };
		BBD430151E9A8BEF00F47199 /* NSAttributedString+YLExtension.m in Sources */ = {isa = PBXBuildFile; fileRef = BBD42F6A1E9A8BEF00F47199 /* NSAttributedString+YLExtension.m */; };
		BBD430161E9A8BEF00F47199 /* NSDate+YLString.m in Sources */ = {isa = PBXBuildFile; fileRef = BBD42F6C1E9A8BEF00F47199 /* NSDate+YLString.m */; };
		BBD430171E9A8BEF00F47199 /* NSObject+YLJSON.m in Sources */ = {isa = PBXBuildFile; fileRef = BBD42F6E1E9A8BEF00F47199 /* NSObject+YLJSON.m */; };
		BBD430181E9A8BEF00F47199 /* NSString+YLEmoji.m in Sources */ = {isa = PBXBuildFile; fileRef = BBD42F701E9A8BEF00F47199 /* NSString+YLEmoji.m */; };
		BBD430191E9A8BEF00F47199 /* NSString+YLRegex.m in Sources */ = {isa = PBXBuildFile; fileRef = BBD42F721E9A8BEF00F47199 /* NSString+YLRegex.m */; };
		BBD4301A1E9A8BEF00F47199 /* NSString+YLSize.m in Sources */ = {isa = PBXBuildFile; fileRef = BBD42F741E9A8BEF00F47199 /* NSString+YLSize.m */; };
		BBD430221E9A8BEF00F47199 /* JRSwizzle.m in Sources */ = {isa = PBXBuildFile; fileRef = BBD42F871E9A8BEF00F47199 /* JRSwizzle.m */; };
		BBD430231E9A8BEF00F47199 /* NSObject+YLSwizzling.m in Sources */ = {isa = PBXBuildFile; fileRef = BBD42F891E9A8BEF00F47199 /* NSObject+YLSwizzling.m */; };
		BBD430241E9A8BEF00F47199 /* UIButton+YLExtension.m in Sources */ = {isa = PBXBuildFile; fileRef = BBD42F8C1E9A8BEF00F47199 /* UIButton+YLExtension.m */; };
		BBD430251E9A8BEF00F47199 /* UIImage+YLColor.m in Sources */ = {isa = PBXBuildFile; fileRef = BBD42F8E1E9A8BEF00F47199 /* UIImage+YLColor.m */; };
		BBD430271E9A8BEF00F47199 /* UILabel+YLAttributedText.mm in Sources */ = {isa = PBXBuildFile; fileRef = BBD42F921E9A8BEF00F47199 /* UILabel+YLAttributedText.mm */; };
		BBD430281E9A8BEF00F47199 /* UILabel+YLExtension.m in Sources */ = {isa = PBXBuildFile; fileRef = BBD42F941E9A8BEF00F47199 /* UILabel+YLExtension.m */; };
		BBD430291E9A8BEF00F47199 /* UILabel+YLTextSize.m in Sources */ = {isa = PBXBuildFile; fileRef = BBD42F961E9A8BEF00F47199 /* UILabel+YLTextSize.m */; };
		BBD4302A1E9A8BEF00F47199 /* UIResponder+YLUnit.m in Sources */ = {isa = PBXBuildFile; fileRef = BBD42F981E9A8BEF00F47199 /* UIResponder+YLUnit.m */; };
		BBD4302B1E9A8BEF00F47199 /* UITextField+YLExtension.m in Sources */ = {isa = PBXBuildFile; fileRef = BBD42F9A1E9A8BEF00F47199 /* UITextField+YLExtension.m */; };
		BBD4302C1E9A8BEF00F47199 /* UITextField+YLMobile.m in Sources */ = {isa = PBXBuildFile; fileRef = BBD42F9C1E9A8BEF00F47199 /* UITextField+YLMobile.m */; };
		BBD4302D1E9A8BEF00F47199 /* UIView+YLAddSubview.m in Sources */ = {isa = PBXBuildFile; fileRef = BBD42F9E1E9A8BEF00F47199 /* UIView+YLAddSubview.m */; };
		BBD4302E1E9A8BEF00F47199 /* UIView+YLFrame.m in Sources */ = {isa = PBXBuildFile; fileRef = BBD42FA01E9A8BEF00F47199 /* UIView+YLFrame.m */; };
/* End PBXBuildFile section */

/* Begin PBXFileReference section */
		BB75AECD1EB779FA003079ED /* NSArray+YLSafeObject.h */ = {isa = PBXFileReference; fileEncoding = 4; lastKnownFileType = sourcecode.c.h; path = "NSArray+YLSafeObject.h"; sourceTree = "<group>"; };
		BB75AECE1EB779FA003079ED /* NSArray+YLSafeObject.m */ = {isa = PBXFileReference; fileEncoding = 4; lastKnownFileType = sourcecode.c.objc; path = "NSArray+YLSafeObject.m"; sourceTree = "<group>"; };
		BB75AED71EB77BC3003079ED /* YLExceptionHelper.h */ = {isa = PBXFileReference; fileEncoding = 4; lastKnownFileType = sourcecode.c.h; path = YLExceptionHelper.h; sourceTree = "<group>"; };
		BB75AED81EB77BC3003079ED /* YLExceptionHelper.m */ = {isa = PBXFileReference; fileEncoding = 4; lastKnownFileType = sourcecode.c.objc; path = YLExceptionHelper.m; sourceTree = "<group>"; };
		BB75AED91EB77BC3003079ED /* YLAlertManager.h */ = {isa = PBXFileReference; fileEncoding = 4; lastKnownFileType = sourcecode.c.h; path = YLAlertManager.h; sourceTree = "<group>"; };
		BB75AEDA1EB77BC3003079ED /* YLAlertManager.m */ = {isa = PBXFileReference; fileEncoding = 4; lastKnownFileType = sourcecode.c.objc; path = YLAlertManager.m; sourceTree = "<group>"; };
		BB75AEDB1EB77BC3003079ED /* YLImagePickerManager.h */ = {isa = PBXFileReference; fileEncoding = 4; lastKnownFileType = sourcecode.c.h; path = YLImagePickerManager.h; sourceTree = "<group>"; };
		BB75AEDC1EB77BC3003079ED /* YLImagePickerManager.m */ = {isa = PBXFileReference; fileEncoding = 4; lastKnownFileType = sourcecode.c.objc; path = YLImagePickerManager.m; sourceTree = "<group>"; };
		BB75AF011EB77DA3003079ED /* YLAddressBookManager.h */ = {isa = PBXFileReference; fileEncoding = 4; lastKnownFileType = sourcecode.c.h; path = YLAddressBookManager.h; sourceTree = "<group>"; };
		BB75AF021EB77DA3003079ED /* YLAddressBookManager.m */ = {isa = PBXFileReference; fileEncoding = 4; lastKnownFileType = sourcecode.c.objc; path = YLAddressBookManager.m; sourceTree = "<group>"; };
		BBB802101EB77E87008EE56B /* YLSingleton.h */ = {isa = PBXFileReference; fileEncoding = 4; lastKnownFileType = sourcecode.c.h; path = YLSingleton.h; sourceTree = "<group>"; };
		BBB802111EB77E87008EE56B /* YLConstants.h */ = {isa = PBXFileReference; fileEncoding = 4; lastKnownFileType = sourcecode.c.h; path = YLConstants.h; sourceTree = "<group>"; };
		BBB802141EB78479008EE56B /* YLHorizontalButton.h */ = {isa = PBXFileReference; fileEncoding = 4; lastKnownFileType = sourcecode.c.h; path = YLHorizontalButton.h; sourceTree = "<group>"; };
		BBB802151EB78479008EE56B /* YLHorizontalButton.m */ = {isa = PBXFileReference; fileEncoding = 4; lastKnownFileType = sourcecode.c.objc; path = YLHorizontalButton.m; sourceTree = "<group>"; };
		BBB802161EB78479008EE56B /* YLVerticalButton.h */ = {isa = PBXFileReference; fileEncoding = 4; lastKnownFileType = sourcecode.c.h; path = YLVerticalButton.h; sourceTree = "<group>"; };
		BBB802171EB78479008EE56B /* YLVerticalButton.m */ = {isa = PBXFileReference; fileEncoding = 4; lastKnownFileType = sourcecode.c.objc; path = YLVerticalButton.m; sourceTree = "<group>"; };
		BBB802191EB78479008EE56B /* YLFilletImageView.h */ = {isa = PBXFileReference; fileEncoding = 4; lastKnownFileType = sourcecode.c.h; path = YLFilletImageView.h; sourceTree = "<group>"; };
		BBB8021A1EB78479008EE56B /* YLFilletImageView.m */ = {isa = PBXFileReference; fileEncoding = 4; lastKnownFileType = sourcecode.c.objc; path = YLFilletImageView.m; sourceTree = "<group>"; };
		BBB8021C1EB78479008EE56B /* YLPhotoBrowserController.h */ = {isa = PBXFileReference; fileEncoding = 4; lastKnownFileType = sourcecode.c.h; path = YLPhotoBrowserController.h; sourceTree = "<group>"; };
		BBB8021D1EB78479008EE56B /* YLPhotoBrowserController.m */ = {isa = PBXFileReference; fileEncoding = 4; lastKnownFileType = sourcecode.c.objc; path = YLPhotoBrowserController.m; sourceTree = "<group>"; };
		BBB8021E1EB78479008EE56B /* YLPhotoView.h */ = {isa = PBXFileReference; fileEncoding = 4; lastKnownFileType = sourcecode.c.h; path = YLPhotoView.h; sourceTree = "<group>"; };
		BBB8021F1EB78479008EE56B /* YLPhotoView.m */ = {isa = PBXFileReference; fileEncoding = 4; lastKnownFileType = sourcecode.c.objc; path = YLPhotoView.m; sourceTree = "<group>"; };
		BBB802211EB78479008EE56B /* YLTextField.h */ = {isa = PBXFileReference; fileEncoding = 4; lastKnownFileType = sourcecode.c.h; path = YLTextField.h; sourceTree = "<group>"; };
		BBB802221EB78479008EE56B /* YLTextField.m */ = {isa = PBXFileReference; fileEncoding = 4; lastKnownFileType = sourcecode.c.objc; path = YLTextField.m; sourceTree = "<group>"; };
		BBB802241EB78479008EE56B /* YLTriangleView.m */ = {isa = PBXFileReference; fileEncoding = 4; lastKnownFileType = sourcecode.c.objc; path = YLTriangleView.m; sourceTree = "<group>"; };
		BBB802251EB78479008EE56B /* YLScoreStarView.h */ = {isa = PBXFileReference; fileEncoding = 4; lastKnownFileType = sourcecode.c.h; path = YLScoreStarView.h; sourceTree = "<group>"; };
		BBB802261EB78479008EE56B /* YLScoreStarView.m */ = {isa = PBXFileReference; fileEncoding = 4; lastKnownFileType = sourcecode.c.objc; path = YLScoreStarView.m; sourceTree = "<group>"; };
		BBB802271EB78479008EE56B /* YLTriangleView.h */ = {isa = PBXFileReference; fileEncoding = 4; lastKnownFileType = sourcecode.c.h; path = YLTriangleView.h; sourceTree = "<group>"; };
		BBD42D781E9A839F00F47199 /* YLTools.app */ = {isa = PBXFileReference; explicitFileType = wrapper.application; includeInIndex = 0; path = YLTools.app; sourceTree = BUILT_PRODUCTS_DIR; };
		BBD42EE41E9A8BEF00F47199 /* AppDelegate.h */ = {isa = PBXFileReference; fileEncoding = 4; lastKnownFileType = sourcecode.c.h; path = AppDelegate.h; sourceTree = "<group>"; };
		BBD42EE51E9A8BEF00F47199 /* AppDelegate.m */ = {isa = PBXFileReference; fileEncoding = 4; lastKnownFileType = sourcecode.c.objc; path = AppDelegate.m; sourceTree = "<group>"; };
		BBD42EE61E9A8BEF00F47199 /* Assets.xcassets */ = {isa = PBXFileReference; lastKnownFileType = folder.assetcatalog; path = Assets.xcassets; sourceTree = "<group>"; };
		BBD42EE81E9A8BEF00F47199 /* Base */ = {isa = PBXFileReference; lastKnownFileType = file.storyboard; name = Base; path = Base.lproj/LaunchScreen.storyboard; sourceTree = "<group>"; };
		BBD42EEA1E9A8BEF00F47199 /* Base */ = {isa = PBXFileReference; lastKnownFileType = file.storyboard; name = Base; path = Base.lproj/Main.storyboard; sourceTree = "<group>"; };
		BBD42EEB1E9A8BEF00F47199 /* Info.plist */ = {isa = PBXFileReference; fileEncoding = 4; lastKnownFileType = text.plist.xml; path = Info.plist; sourceTree = "<group>"; };
		BBD42EEC1E9A8BEF00F47199 /* main.m */ = {isa = PBXFileReference; fileEncoding = 4; lastKnownFileType = sourcecode.c.objc; path = main.m; sourceTree = "<group>"; };
		BBD42EED1E9A8BEF00F47199 /* ViewController.h */ = {isa = PBXFileReference; fileEncoding = 4; lastKnownFileType = sourcecode.c.h; path = ViewController.h; sourceTree = "<group>"; };
		BBD42EEE1E9A8BEF00F47199 /* ViewController.m */ = {isa = PBXFileReference; fileEncoding = 4; lastKnownFileType = sourcecode.c.objc; path = ViewController.m; sourceTree = "<group>"; };
		BBD42F691E9A8BEF00F47199 /* NSAttributedString+YLExtension.h */ = {isa = PBXFileReference; fileEncoding = 4; lastKnownFileType = sourcecode.c.h; path = "NSAttributedString+YLExtension.h"; sourceTree = "<group>"; };
		BBD42F6A1E9A8BEF00F47199 /* NSAttributedString+YLExtension.m */ = {isa = PBXFileReference; fileEncoding = 4; lastKnownFileType = sourcecode.c.objc; path = "NSAttributedString+YLExtension.m"; sourceTree = "<group>"; };
		BBD42F6B1E9A8BEF00F47199 /* NSDate+YLString.h */ = {isa = PBXFileReference; fileEncoding = 4; lastKnownFileType = sourcecode.c.h; path = "NSDate+YLString.h"; sourceTree = "<group>"; };
		BBD42F6C1E9A8BEF00F47199 /* NSDate+YLString.m */ = {isa = PBXFileReference; fileEncoding = 4; lastKnownFileType = sourcecode.c.objc; path = "NSDate+YLString.m"; sourceTree = "<group>"; };
		BBD42F6D1E9A8BEF00F47199 /* NSObject+YLJSON.h */ = {isa = PBXFileReference; fileEncoding = 4; lastKnownFileType = sourcecode.c.h; path = "NSObject+YLJSON.h"; sourceTree = "<group>"; };
		BBD42F6E1E9A8BEF00F47199 /* NSObject+YLJSON.m */ = {isa = PBXFileReference; fileEncoding = 4; lastKnownFileType = sourcecode.c.objc; path = "NSObject+YLJSON.m"; sourceTree = "<group>"; };
		BBD42F6F1E9A8BEF00F47199 /* NSString+YLEmoji.h */ = {isa = PBXFileReference; fileEncoding = 4; lastKnownFileType = sourcecode.c.h; path = "NSString+YLEmoji.h"; sourceTree = "<group>"; };
		BBD42F701E9A8BEF00F47199 /* NSString+YLEmoji.m */ = {isa = PBXFileReference; fileEncoding = 4; lastKnownFileType = sourcecode.c.objc; path = "NSString+YLEmoji.m"; sourceTree = "<group>"; };
		BBD42F711E9A8BEF00F47199 /* NSString+YLRegex.h */ = {isa = PBXFileReference; fileEncoding = 4; lastKnownFileType = sourcecode.c.h; path = "NSString+YLRegex.h"; sourceTree = "<group>"; };
		BBD42F721E9A8BEF00F47199 /* NSString+YLRegex.m */ = {isa = PBXFileReference; fileEncoding = 4; lastKnownFileType = sourcecode.c.objc; path = "NSString+YLRegex.m"; sourceTree = "<group>"; };
		BBD42F731E9A8BEF00F47199 /* NSString+YLSize.h */ = {isa = PBXFileReference; fileEncoding = 4; lastKnownFileType = sourcecode.c.h; path = "NSString+YLSize.h"; sourceTree = "<group>"; };
		BBD42F741E9A8BEF00F47199 /* NSString+YLSize.m */ = {isa = PBXFileReference; fileEncoding = 4; lastKnownFileType = sourcecode.c.objc; path = "NSString+YLSize.m"; sourceTree = "<group>"; };
		BBD42F861E9A8BEF00F47199 /* JRSwizzle.h */ = {isa = PBXFileReference; fileEncoding = 4; lastKnownFileType = sourcecode.c.h; path = JRSwizzle.h; sourceTree = "<group>"; };
		BBD42F871E9A8BEF00F47199 /* JRSwizzle.m */ = {isa = PBXFileReference; fileEncoding = 4; lastKnownFileType = sourcecode.c.objc; path = JRSwizzle.m; sourceTree = "<group>"; };
		BBD42F881E9A8BEF00F47199 /* NSObject+YLSwizzling.h */ = {isa = PBXFileReference; fileEncoding = 4; lastKnownFileType = sourcecode.c.h; path = "NSObject+YLSwizzling.h"; sourceTree = "<group>"; };
		BBD42F891E9A8BEF00F47199 /* NSObject+YLSwizzling.m */ = {isa = PBXFileReference; fileEncoding = 4; lastKnownFileType = sourcecode.c.objc; path = "NSObject+YLSwizzling.m"; sourceTree = "<group>"; };
		BBD42F8B1E9A8BEF00F47199 /* UIButton+YLExtension.h */ = {isa = PBXFileReference; fileEncoding = 4; lastKnownFileType = sourcecode.c.h; path = "UIButton+YLExtension.h"; sourceTree = "<group>"; };
		BBD42F8C1E9A8BEF00F47199 /* UIButton+YLExtension.m */ = {isa = PBXFileReference; fileEncoding = 4; lastKnownFileType = sourcecode.c.objc; path = "UIButton+YLExtension.m"; sourceTree = "<group>"; };
		BBD42F8D1E9A8BEF00F47199 /* UIImage+YLColor.h */ = {isa = PBXFileReference; fileEncoding = 4; lastKnownFileType = sourcecode.c.h; path = "UIImage+YLColor.h"; sourceTree = "<group>"; };
		BBD42F8E1E9A8BEF00F47199 /* UIImage+YLColor.m */ = {isa = PBXFileReference; fileEncoding = 4; lastKnownFileType = sourcecode.c.objc; path = "UIImage+YLColor.m"; sourceTree = "<group>"; };
		BBD42F911E9A8BEF00F47199 /* UILabel+YLAttributedText.h */ = {isa = PBXFileReference; fileEncoding = 4; lastKnownFileType = sourcecode.c.h; path = "UILabel+YLAttributedText.h"; sourceTree = "<group>"; };
		BBD42F921E9A8BEF00F47199 /* UILabel+YLAttributedText.mm */ = {isa = PBXFileReference; fileEncoding = 4; lastKnownFileType = sourcecode.cpp.objcpp; path = "UILabel+YLAttributedText.mm"; sourceTree = "<group>"; };
		BBD42F931E9A8BEF00F47199 /* UILabel+YLExtension.h */ = {isa = PBXFileReference; fileEncoding = 4; lastKnownFileType = sourcecode.c.h; path = "UILabel+YLExtension.h"; sourceTree = "<group>"; };
		BBD42F941E9A8BEF00F47199 /* UILabel+YLExtension.m */ = {isa = PBXFileReference; fileEncoding = 4; lastKnownFileType = sourcecode.c.objc; path = "UILabel+YLExtension.m"; sourceTree = "<group>"; };
		BBD42F951E9A8BEF00F47199 /* UILabel+YLTextSize.h */ = {isa = PBXFileReference; fileEncoding = 4; lastKnownFileType = sourcecode.c.h; path = "UILabel+YLTextSize.h"; sourceTree = "<group>"; };
		BBD42F961E9A8BEF00F47199 /* UILabel+YLTextSize.m */ = {isa = PBXFileReference; fileEncoding = 4; lastKnownFileType = sourcecode.c.objc; path = "UILabel+YLTextSize.m"; sourceTree = "<group>"; };
		BBD42F971E9A8BEF00F47199 /* UIResponder+YLUnit.h */ = {isa = PBXFileReference; fileEncoding = 4; lastKnownFileType = sourcecode.c.h; path = "UIResponder+YLUnit.h"; sourceTree = "<group>"; };
		BBD42F981E9A8BEF00F47199 /* UIResponder+YLUnit.m */ = {isa = PBXFileReference; fileEncoding = 4; lastKnownFileType = sourcecode.c.objc; path = "UIResponder+YLUnit.m"; sourceTree = "<group>"; };
		BBD42F991E9A8BEF00F47199 /* UITextField+YLExtension.h */ = {isa = PBXFileReference; fileEncoding = 4; lastKnownFileType = sourcecode.c.h; path = "UITextField+YLExtension.h"; sourceTree = "<group>"; };
		BBD42F9A1E9A8BEF00F47199 /* UITextField+YLExtension.m */ = {isa = PBXFileReference; fileEncoding = 4; lastKnownFileType = sourcecode.c.objc; path = "UITextField+YLExtension.m"; sourceTree = "<group>"; };
		BBD42F9B1E9A8BEF00F47199 /* UITextField+YLMobile.h */ = {isa = PBXFileReference; fileEncoding = 4; lastKnownFileType = sourcecode.c.h; path = "UITextField+YLMobile.h"; sourceTree = "<group>"; };
		BBD42F9C1E9A8BEF00F47199 /* UITextField+YLMobile.m */ = {isa = PBXFileReference; fileEncoding = 4; lastKnownFileType = sourcecode.c.objc; path = "UITextField+YLMobile.m"; sourceTree = "<group>"; };
		BBD42F9D1E9A8BEF00F47199 /* UIView+YLAddSubview.h */ = {isa = PBXFileReference; fileEncoding = 4; lastKnownFileType = sourcecode.c.h; path = "UIView+YLAddSubview.h"; sourceTree = "<group>"; };
		BBD42F9E1E9A8BEF00F47199 /* UIView+YLAddSubview.m */ = {isa = PBXFileReference; fileEncoding = 4; lastKnownFileType = sourcecode.c.objc; path = "UIView+YLAddSubview.m"; sourceTree = "<group>"; };
		BBD42F9F1E9A8BEF00F47199 /* UIView+YLFrame.h */ = {isa = PBXFileReference; fileEncoding = 4; lastKnownFileType = sourcecode.c.h; path = "UIView+YLFrame.h"; sourceTree = "<group>"; };
		BBD42FA01E9A8BEF00F47199 /* UIView+YLFrame.m */ = {isa = PBXFileReference; fileEncoding = 4; lastKnownFileType = sourcecode.c.objc; path = "UIView+YLFrame.m"; sourceTree = "<group>"; };
/* End PBXFileReference section */

/* Begin PBXFrameworksBuildPhase section */
		BBD42D751E9A839F00F47199 /* Frameworks */ = {
			isa = PBXFrameworksBuildPhase;
			buildActionMask = 2147483647;
			files = (
			);
			runOnlyForDeploymentPostprocessing = 0;
		};
/* End PBXFrameworksBuildPhase section */

/* Begin PBXGroup section */
		BBB8020F1EB77E87008EE56B /* Other */ = {
			isa = PBXGroup;
			children = (
				BBB802101EB77E87008EE56B /* YLSingleton.h */,
				BBB802111EB77E87008EE56B /* YLConstants.h */,
			);
			path = Other;
			sourceTree = "<group>";
		};
		BBB802121EB78479008EE56B /* CustomView */ = {
			isa = PBXGroup;
			children = (
				BBB8021B1EB78479008EE56B /* PhotoBrowser */,
				BBB802231EB78479008EE56B /* View */,
				BBB802131EB78479008EE56B /* Button */,
				BBB802181EB78479008EE56B /* ImageView */,
				BBB802201EB78479008EE56B /* TextField */,
			);
			path = CustomView;
			sourceTree = "<group>";
		};
		BBB802131EB78479008EE56B /* Button */ = {
			isa = PBXGroup;
			children = (
				BBB802141EB78479008EE56B /* YLHorizontalButton.h */,
				BBB802151EB78479008EE56B /* YLHorizontalButton.m */,
				BBB802161EB78479008EE56B /* YLVerticalButton.h */,
				BBB802171EB78479008EE56B /* YLVerticalButton.m */,
			);
			path = Button;
			sourceTree = "<group>";
		};
		BBB802181EB78479008EE56B /* ImageView */ = {
			isa = PBXGroup;
			children = (
				BBB802191EB78479008EE56B /* YLFilletImageView.h */,
				BBB8021A1EB78479008EE56B /* YLFilletImageView.m */,
			);
			path = ImageView;
			sourceTree = "<group>";
		};
		BBB8021B1EB78479008EE56B /* PhotoBrowser */ = {
			isa = PBXGroup;
			children = (
				BBB8021C1EB78479008EE56B /* YLPhotoBrowserController.h */,
				BBB8021D1EB78479008EE56B /* YLPhotoBrowserController.m */,
				BBB8021E1EB78479008EE56B /* YLPhotoView.h */,
				BBB8021F1EB78479008EE56B /* YLPhotoView.m */,
			);
			path = PhotoBrowser;
			sourceTree = "<group>";
		};
		BBB802201EB78479008EE56B /* TextField */ = {
			isa = PBXGroup;
			children = (
				BBB802211EB78479008EE56B /* YLTextField.h */,
				BBB802221EB78479008EE56B /* YLTextField.m */,
			);
			path = TextField;
			sourceTree = "<group>";
		};
		BBB802231EB78479008EE56B /* View */ = {
			isa = PBXGroup;
			children = (
				BBB802251EB78479008EE56B /* YLScoreStarView.h */,
				BBB802261EB78479008EE56B /* YLScoreStarView.m */,
				BBB802271EB78479008EE56B /* YLTriangleView.h */,
				BBB802241EB78479008EE56B /* YLTriangleView.m */,
			);
			path = View;
			sourceTree = "<group>";
		};
		BBD42D6F1E9A839F00F47199 = {
			isa = PBXGroup;
			children = (
				BBD42EEF1E9A8BEF00F47199 /* YLTools */,
				BBD42EE31E9A8BEF00F47199 /* Support */,
				BBD42D791E9A839F00F47199 /* Products */,
			);
			sourceTree = "<group>";
		};
		BBD42D791E9A839F00F47199 /* Products */ = {
			isa = PBXGroup;
			children = (
				BBD42D781E9A839F00F47199 /* YLTools.app */,
			);
			name = Products;
			sourceTree = "<group>";
		};
		BBD42EE31E9A8BEF00F47199 /* Support */ = {
			isa = PBXGroup;
			children = (
				BBD42EE41E9A8BEF00F47199 /* AppDelegate.h */,
				BBD42EE51E9A8BEF00F47199 /* AppDelegate.m */,
				BBD42EE61E9A8BEF00F47199 /* Assets.xcassets */,
				BBD42EE71E9A8BEF00F47199 /* LaunchScreen.storyboard */,
				BBD42EE91E9A8BEF00F47199 /* Main.storyboard */,
				BBD42EEB1E9A8BEF00F47199 /* Info.plist */,
				BBD42EEC1E9A8BEF00F47199 /* main.m */,
				BBD42EED1E9A8BEF00F47199 /* ViewController.h */,
				BBD42EEE1E9A8BEF00F47199 /* ViewController.m */,
			);
			path = Support;
			sourceTree = "<group>";
		};
		BBD42EEF1E9A8BEF00F47199 /* YLTools */ = {
			isa = PBXGroup;
			children = (
				BBB802121EB78479008EE56B /* CustomView */,
				BBD42F671E9A8BEF00F47199 /* Category */,
				BBD42FB31E9A8BEF00F47199 /* Manager */,
				BBB8020F1EB77E87008EE56B /* Other */,
			);
			path = YLTools;
			sourceTree = "<group>";
		};
		BBD42F671E9A8BEF00F47199 /* Category */ = {
			isa = PBXGroup;
			children = (
				BBD42F8A1E9A8BEF00F47199 /* UIKit */,
				BBD42F681E9A8BEF00F47199 /* Foundation */,
				BBD42F831E9A8BEF00F47199 /* Swizzling */,
			);
			path = Category;
			sourceTree = "<group>";
		};
		BBD42F681E9A8BEF00F47199 /* Foundation */ = {
			isa = PBXGroup;
			children = (
				BBD42F691E9A8BEF00F47199 /* NSAttributedString+YLExtension.h */,
				BBD42F6A1E9A8BEF00F47199 /* NSAttributedString+YLExtension.m */,
				BBD42F6B1E9A8BEF00F47199 /* NSDate+YLString.h */,
				BBD42F6C1E9A8BEF00F47199 /* NSDate+YLString.m */,
				BBD42F6D1E9A8BEF00F47199 /* NSObject+YLJSON.h */,
				BBD42F6E1E9A8BEF00F47199 /* NSObject+YLJSON.m */,
				BBD42F6F1E9A8BEF00F47199 /* NSString+YLEmoji.h */,
				BBD42F701E9A8BEF00F47199 /* NSString+YLEmoji.m */,
				BBD42F711E9A8BEF00F47199 /* NSString+YLRegex.h */,
				BBD42F721E9A8BEF00F47199 /* NSString+YLRegex.m */,
				BBD42F731E9A8BEF00F47199 /* NSString+YLSize.h */,
				BBD42F741E9A8BEF00F47199 /* NSString+YLSize.m */,
			);
			path = Foundation;
			sourceTree = "<group>";
		};
		BBD42F831E9A8BEF00F47199 /* Swizzling */ = {
			isa = PBXGroup;
			children = (
				BBD42F861E9A8BEF00F47199 /* JRSwizzle.h */,
				BBD42F871E9A8BEF00F47199 /* JRSwizzle.m */,
				BBD42F881E9A8BEF00F47199 /* NSObject+YLSwizzling.h */,
				BBD42F891E9A8BEF00F47199 /* NSObject+YLSwizzling.m */,
			);
			path = Swizzling;
			sourceTree = "<group>";
		};
		BBD42F8A1E9A8BEF00F47199 /* UIKit */ = {
			isa = PBXGroup;
			children = (
				BB75AECD1EB779FA003079ED /* NSArray+YLSafeObject.h */,
				BB75AECE1EB779FA003079ED /* NSArray+YLSafeObject.m */,
				BBD42F8B1E9A8BEF00F47199 /* UIButton+YLExtension.h */,
				BBD42F8C1E9A8BEF00F47199 /* UIButton+YLExtension.m */,
				BBD42F8D1E9A8BEF00F47199 /* UIImage+YLColor.h */,
				BBD42F8E1E9A8BEF00F47199 /* UIImage+YLColor.m */,
				BBD42F911E9A8BEF00F47199 /* UILabel+YLAttributedText.h */,
				BBD42F921E9A8BEF00F47199 /* UILabel+YLAttributedText.mm */,
				BBD42F931E9A8BEF00F47199 /* UILabel+YLExtension.h */,
				BBD42F941E9A8BEF00F47199 /* UILabel+YLExtension.m */,
				BBD42F951E9A8BEF00F47199 /* UILabel+YLTextSize.h */,
				BBD42F961E9A8BEF00F47199 /* UILabel+YLTextSize.m */,
				BBD42F971E9A8BEF00F47199 /* UIResponder+YLUnit.h */,
				BBD42F981E9A8BEF00F47199 /* UIResponder+YLUnit.m */,
				BBD42F991E9A8BEF00F47199 /* UITextField+YLExtension.h */,
				BBD42F9A1E9A8BEF00F47199 /* UITextField+YLExtension.m */,
				BBD42F9B1E9A8BEF00F47199 /* UITextField+YLMobile.h */,
				BBD42F9C1E9A8BEF00F47199 /* UITextField+YLMobile.m */,
				BBD42F9D1E9A8BEF00F47199 /* UIView+YLAddSubview.h */,
				BBD42F9E1E9A8BEF00F47199 /* UIView+YLAddSubview.m */,
				BBD42F9F1E9A8BEF00F47199 /* UIView+YLFrame.h */,
				BBD42FA01E9A8BEF00F47199 /* UIView+YLFrame.m */,
			);
			path = UIKit;
			sourceTree = "<group>";
		};
		BBD42FB31E9A8BEF00F47199 /* Manager */ = {
			isa = PBXGroup;
			children = (
				BB75AED71EB77BC3003079ED /* YLExceptionHelper.h */,
				BB75AED81EB77BC3003079ED /* YLExceptionHelper.m */,
				BB75AF011EB77DA3003079ED /* YLAddressBookManager.h */,
				BB75AF021EB77DA3003079ED /* YLAddressBookManager.m */,
				BB75AED91EB77BC3003079ED /* YLAlertManager.h */,
				BB75AEDA1EB77BC3003079ED /* YLAlertManager.m */,
				BB75AEDB1EB77BC3003079ED /* YLImagePickerManager.h */,
				BB75AEDC1EB77BC3003079ED /* YLImagePickerManager.m */,
			);
			path = Manager;
			sourceTree = "<group>";
		};
/* End PBXGroup section */

/* Begin PBXNativeTarget section */
		BBD42D771E9A839F00F47199 /* YLTools */ = {
			isa = PBXNativeTarget;
			buildConfigurationList = BBD42D8F1E9A839F00F47199 /* Build configuration list for PBXNativeTarget "YLTools" */;
			buildPhases = (
				BBD42D741E9A839F00F47199 /* Sources */,
				BBD42D751E9A839F00F47199 /* Frameworks */,
				BBD42D761E9A839F00F47199 /* Resources */,
			);
			buildRules = (
			);
			dependencies = (
			);
			name = YLTools;
			productName = YLTools;
			productReference = BBD42D781E9A839F00F47199 /* YLTools.app */;
			productType = "com.apple.product-type.application";
		};
/* End PBXNativeTarget section */

/* Begin PBXProject section */
		BBD42D701E9A839F00F47199 /* Project object */ = {
			isa = PBXProject;
			attributes = {
				LastUpgradeCheck = 0830;
				ORGANIZATIONNAME = Yeonluu;
				TargetAttributes = {
					BBD42D771E9A839F00F47199 = {
						CreatedOnToolsVersion = 8.3;
						DevelopmentTeam = 7776EVMD5A;
						ProvisioningStyle = Automatic;
					};
				};
			};
			buildConfigurationList = BBD42D731E9A839F00F47199 /* Build configuration list for PBXProject "YLTools" */;
			compatibilityVersion = "Xcode 3.2";
			developmentRegion = English;
			hasScannedForEncodings = 0;
			knownRegions = (
				en,
				Base,
			);
			mainGroup = BBD42D6F1E9A839F00F47199;
			productRefGroup = BBD42D791E9A839F00F47199 /* Products */;
			projectDirPath = "";
			projectRoot = "";
			targets = (
				BBD42D771E9A839F00F47199 /* YLTools */,
			);
		};
/* End PBXProject section */

/* Begin PBXResourcesBuildPhase section */
		BBD42D761E9A839F00F47199 /* Resources */ = {
			isa = PBXResourcesBuildPhase;
			buildActionMask = 2147483647;
			files = (
				BBD42FE01E9A8BEF00F47199 /* Main.storyboard in Resources */,
				BBD42FDE1E9A8BEF00F47199 /* Assets.xcassets in Resources */,
				BBD42FDF1E9A8BEF00F47199 /* LaunchScreen.storyboard in Resources */,
			);
			runOnlyForDeploymentPostprocessing = 0;
		};
/* End PBXResourcesBuildPhase section */

/* Begin PBXSourcesBuildPhase section */
		BBD42D741E9A839F00F47199 /* Sources */ = {
			isa = PBXSourcesBuildPhase;
			buildActionMask = 2147483647;
			files = (
				BB75AEDE1EB77BC3003079ED /* YLAlertManager.m in Sources */,
				BBD430181E9A8BEF00F47199 /* NSString+YLEmoji.m in Sources */,
				BBB8022A1EB78479008EE56B /* YLFilletImageView.m in Sources */,
				BB75AECF1EB779FA003079ED /* NSArray+YLSafeObject.m in Sources */,
				BBD42FE31E9A8BEF00F47199 /* ViewController.m in Sources */,
				BBD430271E9A8BEF00F47199 /* UILabel+YLAttributedText.mm in Sources */,
				BBD4302E1E9A8BEF00F47199 /* UIView+YLFrame.m in Sources */,
				BBD430241E9A8BEF00F47199 /* UIButton+YLExtension.m in Sources */,
				BBB802281EB78479008EE56B /* YLHorizontalButton.m in Sources */,
				BBD4302D1E9A8BEF00F47199 /* UIView+YLAddSubview.m in Sources */,
				BBB802291EB78479008EE56B /* YLVerticalButton.m in Sources */,
				BBB8022E1EB78479008EE56B /* YLTriangleView.m in Sources */,
				BBD430171E9A8BEF00F47199 /* NSObject+YLJSON.m in Sources */,
				BBD430251E9A8BEF00F47199 /* UIImage+YLColor.m in Sources */,
				BBD42FE21E9A8BEF00F47199 /* main.m in Sources */,
				BBB8022C1EB78479008EE56B /* YLPhotoView.m in Sources */,
				BBD430281E9A8BEF00F47199 /* UILabel+YLExtension.m in Sources */,
				BBD430151E9A8BEF00F47199 /* NSAttributedString+YLExtension.m in Sources */,
				BBD430161E9A8BEF00F47199 /* NSDate+YLString.m in Sources */,
				BB75AF031EB77DA3003079ED /* YLAddressBookManager.m in Sources */,
				BBD430191E9A8BEF00F47199 /* NSString+YLRegex.m in Sources */,
				BBB8022F1EB78479008EE56B /* YLScoreStarView.m in Sources */,
				BBD4302A1E9A8BEF00F47199 /* UIResponder+YLUnit.m in Sources */,
				BBD4302B1E9A8BEF00F47199 /* UITextField+YLExtension.m in Sources */,
				BBD430231E9A8BEF00F47199 /* NSObject+YLSwizzling.m in Sources */,
				BBD42FDD1E9A8BEF00F47199 /* AppDelegate.m in Sources */,
				BBB8022D1EB78479008EE56B /* YLTextField.m in Sources */,
				BBB8022B1EB78479008EE56B /* YLPhotoBrowserController.m in Sources */,
				BBD4302C1E9A8BEF00F47199 /* UITextField+YLMobile.m in Sources */,
				BB75AEDF1EB77BC3003079ED /* YLImagePickerManager.m in Sources */,
				BBD430291E9A8BEF00F47199 /* UILabel+YLTextSize.m in Sources */,
				BBD4301A1E9A8BEF00F47199 /* NSString+YLSize.m in Sources */,
				BBD430221E9A8BEF00F47199 /* JRSwizzle.m in Sources */,
				BB75AEDD1EB77BC3003079ED /* YLExceptionHelper.m in Sources */,
			);
			runOnlyForDeploymentPostprocessing = 0;
		};
/* End PBXSourcesBuildPhase section */

/* Begin PBXVariantGroup section */
		BBD42EE71E9A8BEF00F47199 /* LaunchScreen.storyboard */ = {
			isa = PBXVariantGroup;
			children = (
				BBD42EE81E9A8BEF00F47199 /* Base */,
			);
			name = LaunchScreen.storyboard;
			sourceTree = "<group>";
		};
		BBD42EE91E9A8BEF00F47199 /* Main.storyboard */ = {
			isa = PBXVariantGroup;
			children = (
				BBD42EEA1E9A8BEF00F47199 /* Base */,
			);
			name = Main.storyboard;
			sourceTree = "<group>";
		};
/* End PBXVariantGroup section */

/* Begin XCBuildConfiguration section */
		BBD42D8D1E9A839F00F47199 /* Debug */ = {
			isa = XCBuildConfiguration;
			buildSettings = {
				ALWAYS_SEARCH_USER_PATHS = NO;
				CLANG_ANALYZER_NONNULL = YES;
				CLANG_ANALYZER_NUMBER_OBJECT_CONVERSION = YES_AGGRESSIVE;
				CLANG_CXX_LANGUAGE_STANDARD = "gnu++0x";
				CLANG_CXX_LIBRARY = "libc++";
				CLANG_ENABLE_MODULES = YES;
				CLANG_ENABLE_OBJC_ARC = YES;
				CLANG_WARN_BOOL_CONVERSION = YES;
				CLANG_WARN_CONSTANT_CONVERSION = YES;
				CLANG_WARN_DIRECT_OBJC_ISA_USAGE = YES_ERROR;
				CLANG_WARN_DOCUMENTATION_COMMENTS = YES;
				CLANG_WARN_EMPTY_BODY = YES;
				CLANG_WARN_ENUM_CONVERSION = YES;
				CLANG_WARN_INFINITE_RECURSION = YES;
				CLANG_WARN_INT_CONVERSION = YES;
				CLANG_WARN_OBJC_ROOT_CLASS = YES_ERROR;
				CLANG_WARN_SUSPICIOUS_MOVE = YES;
				CLANG_WARN_UNREACHABLE_CODE = YES;
				CLANG_WARN__DUPLICATE_METHOD_MATCH = YES;
				"CODE_SIGN_IDENTITY[sdk=iphoneos*]" = "iPhone Developer";
				COPY_PHASE_STRIP = NO;
				DEBUG_INFORMATION_FORMAT = dwarf;
				ENABLE_STRICT_OBJC_MSGSEND = YES;
				ENABLE_TESTABILITY = YES;
				GCC_C_LANGUAGE_STANDARD = gnu99;
				GCC_DYNAMIC_NO_PIC = NO;
				GCC_NO_COMMON_BLOCKS = YES;
				GCC_OPTIMIZATION_LEVEL = 0;
				GCC_PREPROCESSOR_DEFINITIONS = (
					"DEBUG=1",
					"$(inherited)",
				);
				GCC_WARN_64_TO_32_BIT_CONVERSION = YES;
				GCC_WARN_ABOUT_RETURN_TYPE = YES_ERROR;
				GCC_WARN_UNDECLARED_SELECTOR = YES;
				GCC_WARN_UNINITIALIZED_AUTOS = YES_AGGRESSIVE;
				GCC_WARN_UNUSED_FUNCTION = YES;
				GCC_WARN_UNUSED_VARIABLE = YES;
				IPHONEOS_DEPLOYMENT_TARGET = 9.0;
				MTL_ENABLE_DEBUG_INFO = YES;
				ONLY_ACTIVE_ARCH = YES;
				SDKROOT = iphoneos;
			};
			name = Debug;
		};
		BBD42D8E1E9A839F00F47199 /* Release */ = {
			isa = XCBuildConfiguration;
			buildSettings = {
				ALWAYS_SEARCH_USER_PATHS = NO;
				CLANG_ANALYZER_NONNULL = YES;
				CLANG_ANALYZER_NUMBER_OBJECT_CONVERSION = YES_AGGRESSIVE;
				CLANG_CXX_LANGUAGE_STANDARD = "gnu++0x";
				CLANG_CXX_LIBRARY = "libc++";
				CLANG_ENABLE_MODULES = YES;
				CLANG_ENABLE_OBJC_ARC = YES;
				CLANG_WARN_BOOL_CONVERSION = YES;
				CLANG_WARN_CONSTANT_CONVERSION = YES;
				CLANG_WARN_DIRECT_OBJC_ISA_USAGE = YES_ERROR;
				CLANG_WARN_DOCUMENTATION_COMMENTS = YES;
				CLANG_WARN_EMPTY_BODY = YES;
				CLANG_WARN_ENUM_CONVERSION = YES;
				CLANG_WARN_INFINITE_RECURSION = YES;
				CLANG_WARN_INT_CONVERSION = YES;
				CLANG_WARN_OBJC_ROOT_CLASS = YES_ERROR;
				CLANG_WARN_SUSPICIOUS_MOVE = YES;
				CLANG_WARN_UNREACHABLE_CODE = YES;
				CLANG_WARN__DUPLICATE_METHOD_MATCH = YES;
				"CODE_SIGN_IDENTITY[sdk=iphoneos*]" = "iPhone Developer";
				COPY_PHASE_STRIP = NO;
				DEBUG_INFORMATION_FORMAT = "dwarf-with-dsym";
				ENABLE_NS_ASSERTIONS = NO;
				ENABLE_STRICT_OBJC_MSGSEND = YES;
				GCC_C_LANGUAGE_STANDARD = gnu99;
				GCC_NO_COMMON_BLOCKS = YES;
				GCC_WARN_64_TO_32_BIT_CONVERSION = YES;
				GCC_WARN_ABOUT_RETURN_TYPE = YES_ERROR;
				GCC_WARN_UNDECLARED_SELECTOR = YES;
				GCC_WARN_UNINITIALIZED_AUTOS = YES_AGGRESSIVE;
				GCC_WARN_UNUSED_FUNCTION = YES;
				GCC_WARN_UNUSED_VARIABLE = YES;
				IPHONEOS_DEPLOYMENT_TARGET = 9.0;
				MTL_ENABLE_DEBUG_INFO = NO;
				SDKROOT = iphoneos;
				VALIDATE_PRODUCT = YES;
			};
			name = Release;
		};
		BBD42D901E9A839F00F47199 /* Debug */ = {
			isa = XCBuildConfiguration;
			buildSettings = {
				ASSETCATALOG_COMPILER_APPICON_NAME = AppIcon;
				DEVELOPMENT_TEAM = 7776EVMD5A;
				INFOPLIST_FILE = Support/Info.plist;
				IPHONEOS_DEPLOYMENT_TARGET = 8.0;
				LD_RUNPATH_SEARCH_PATHS = "$(inherited) @executable_path/Frameworks";
				PRODUCT_BUNDLE_IDENTIFIER = Yeonluu.YLTools;
				PRODUCT_NAME = "$(TARGET_NAME)";
			};
			name = Debug;
		};
		BBD42D911E9A839F00F47199 /* Release */ = {
			isa = XCBuildConfiguration;
			buildSettings = {
				ASSETCATALOG_COMPILER_APPICON_NAME = AppIcon;
				DEVELOPMENT_TEAM = 7776EVMD5A;
				INFOPLIST_FILE = Support/Info.plist;
				IPHONEOS_DEPLOYMENT_TARGET = 8.0;
				LD_RUNPATH_SEARCH_PATHS = "$(inherited) @executable_path/Frameworks";
				PRODUCT_BUNDLE_IDENTIFIER = Yeonluu.YLTools;
				PRODUCT_NAME = "$(TARGET_NAME)";
			};
			name = Release;
		};
/* End XCBuildConfiguration section */

/* Begin XCConfigurationList section */
		BBD42D731E9A839F00F47199 /* Build configuration list for PBXProject "YLTools" */ = {
			isa = XCConfigurationList;
			buildConfigurations = (
				BBD42D8D1E9A839F00F47199 /* Debug */,
				BBD42D8E1E9A839F00F47199 /* Release */,
			);
			defaultConfigurationIsVisible = 0;
			defaultConfigurationName = Release;
		};
		BBD42D8F1E9A839F00F47199 /* Build configuration list for PBXNativeTarget "YLTools" */ = {
			isa = XCConfigurationList;
			buildConfigurations = (
				BBD42D901E9A839F00F47199 /* Debug */,
				BBD42D911E9A839F00F47199 /* Release */,
			);
			defaultConfigurationIsVisible = 0;
			defaultConfigurationName = Release;
		};
/* End XCConfigurationList section */
	};
	rootObject = BBD42D701E9A839F00F47199 /* Project object */;
}
